github.com/BurntSushi/toml v0.3.1/go.mod h1:xHWCNGjB5oqiDr8zfno3MHue2Ht5sIBksp03qcyfWMU=
github.com/PerformLine/go-stockutil v1.9.5 h1:ltW9TEEQrBJpV9TYwdb/hcEIJ81lIEizFY+uY+diY0Q=
github.com/PerformLine/go-stockutil v1.9.5/go.mod h1:YwIqN1AguJZMLEi6cGi3YaA4bKbMa8bpaYrxtvK3sHc=
github.com/PuerkitoBio/goquery v1.6.0 h1:j7taAbelrdcsOlGeMenZxc2AWXD5fieT1/znArdnx94=
github.com/PuerkitoBio/goquery v1.6.0/go.mod h1:GsLWisAFVj4WgDibEWF4pvYnkVQBpKBKeU+7zCJoLcc=
github.com/andybalholm/cascadia v1.1.0 h1:BuuO6sSfQNFRu1LppgbD25Hr2vLYW25JvxHs5zzsLTo=
github.com/andybalholm/cascadia v1.1.0/go.mod h1:GsXiBklL0woXo1j/WYWtSYYC4ouU9PqHO0sqidkEA4Y=
github.com/aofei/cameron v1.2.1 h1:oFNY4UQxSbuGpvRvc7zL2O3j9/PyXNEFb3cuc7KlUzY=
github.com/aofei/cameron v1.2.1/go.mod h1:JtZPYqiOYbhDAI4xBlcc2Tv6dcHAugJW6vSqwNoQDO4=
github.com/asaskevich/govalidator v0.0.0-20190424111038-f61b66f89f4a/go.mod h1:lB+ZfQJz7igIIfQNfa7Ml4HSf2uFQQRzpGGRXenZAgY=
github.com/aws/aws-sdk-go v1.34.28/go.mod h1:H7NKnBqNVzoTJpGfLrQkkD+ytBA93eiDYi/+8rV9s48=
github.com/biessek/golang-ico v0.0.0-20180326222316-d348d9ea4670 h1:FQPKKjDhzG0T4ew6dm6MGrXb4PRAi8ZmTuYuxcF62BM=
github.com/biessek/golang-ico v0.0.0-20180326222316-d348d9ea4670/go.mod h1:iRWAFbKXMMkVQyxZ1PfGlkBr1TjATx1zy2MRprV7A3Q=
github.com/cespare/xxhash/v2 v2.1.2/go.mod h1:VGX0DQ3Q6kWi7AoAeZDth3/j3BFtOZR5XLFGgcrjCOs=
github.com/cespare/xxhash/v2 v2.3.0 h1:UL815xU9SqsFlibzuggzjXhog7bL6oX9BbNZnL2UFvs=
github.com/cespare/xxhash/v2 v2.3.0/go.mod h1:VGX0DQ3Q6kWi7AoAeZDth3/j3BFtOZR5XLFGgcrjCOs=
github.com/davecgh/go-spew v1.1.0/go.mod h1:J7Y8YcW2NihsgmVo/mv3lAwl/skON4iLHjSsI+c5H38=
github.com/davecgh/go-spew v1.1.1/go.mod h1:J7Y8YcW2NihsgmVo/mv3lAwl/skON4iLHjSsI+c5H38=
github.com/davecgh/go-spew v1.1.2-0.20180830191138-d8f796af33cc h1:U9qPSI2PIWSS1VwoXQT9A3Wy9MM3WgvqSxFWenqJduM=
github.com/davecgh/go-spew v1.1.2-0.20180830191138-d8f796af33cc/go.mod h1:J7Y8YcW2NihsgmVo/mv3lAwl/skON4iLHjSsI+c5H38=
github.com/disintegration/imaging v1.6.2 h1:w1LecBlG2Lnp8B3jk5zSuNqd7b4DXhcjwek1ei82L+c=
github.com/disintegration/imaging v1.6.2/go.mod h1:44/5580QXChDfwIclfc/PCwrr44amcmDAg8hxG0Ewe4=
github.com/emicklei/go-restful/v3 v3.13.0 h1:C4Bl2xDndpU6nJ4bc1jXd+uTmYPVUwkD6bFY/oTyCes=
github.com/emicklei/go-restful/v3 v3.13.0/go.mod h1:6n3XBCmQQb25CM2LCACGz8ukIrRry+4bhvbpWn3mrbc=
github.com/fatih/structs v1.1.0 h1:Q7juDM0QtcnhCpeyLGQKyg4TOIghuNXrkL32pHAUMxo=
github.com/fatih/structs v1.1.0/go.mod h1:9NiDSp5zOcgEDl+j00MP/WkGVPOlPRLejGD8Ga6PJ7M=
github.com/friendsofgo/errors v0.9.2 h1:X6NYxef4efCBdwI7BgS820zFaN7Cphrmb+Pljdzjtgk=
github.com/friendsofgo/errors v0.9.2/go.mod h1:yCvFW5AkDIL9qn7suHVLiI/gH228n7PC4Pn44IGoTOI=
github.com/fxamacker/cbor/v2 v2.9.0 h1:NpKPmjDBgUfBms6tr6JZkTHtfFGcMKsw3eGcmD/sapM=
github.com/fxamacker/cbor/v2 v2.9.0/go.mod h1:vM4b+DJCtHn+zz7h3FFp/hDAI9WNWCsZj23V5ytsSxQ=
github.com/go-logr/logr v1.4.3 h1:CjnDlHq8ikf6E492q6eKboGOC0T8CDaOvkHCIg8idEI=
github.com/go-logr/logr v1.4.3/go.mod h1:9T104GzyrTigFIr8wt5mBrctHMim0Nb2HLGrmQ40KvY=
github.com/go-openapi/errors v0.19.2/go.mod h1:qX0BLWsyaKfvhluLejVpVNwNRdXZhEbTA4kxxpKBC94=
github.com/go-openapi/jsonpointer v0.21.2 h1:AqQaNADVwq/VnkCmQg6ogE+M3FOsKTytwges0JdwVuA=
github.com/go-openapi/jsonpointer v0.21.2/go.mod h1:50I1STOfbY1ycR8jGz8DaMeLCdXiI6aDteEdRNNzpdk=
github.com/go-openapi/jsonreference v0.21.0 h1:Rs+Y7hSXT83Jacb7kFyjn4ijOuVGSvOdF2+tg1TRrwQ=
github.com/go-openapi/jsonreference v0.21.0/go.mod h1:LmZmgsrTkVg9LG4EaHeY8cBDslNPMo06cago5JNLkm4=
github.com/go-openapi/strfmt v0.19.8/go.mod h1:qBBipho+3EoIqn6YDI+4RnQEtj6jT/IdKm+PAlXxSUc=
github.com/go-openapi/swag v0.23.1 h1:lpsStH0n2ittzTnbaSloVZLuB5+fvSY/+hnagBjSNZU=
github.com/go-openapi/swag v0.23.1/go.mod h1:STZs8TbRvEQQKUA+JZNAm3EWlgaOBGpyFDqQnDHMef0=
github.com/go-sql-driver/mysql v1.5.0/go.mod h1:DCzpHaOWr8IXmIStZouvnhqoel9Qv2LBy8hT2VhHyBg=
github.com/go-stack/stack v1.8.0/go.mod h1:v0f6uXyyMGvRgIKkXu+yp6POWl0qKG85gN/melR3HDY=
github.com/go-task/slim-sprig/v3 v3.0.0 h1:sUs3vkvUymDpBKi3qH1YSqBQk9+9D/8M2mN1vB6EwHI=
github.com/go-task/slim-sprig/v3 v3.0.0/go.mod h1:W848ghGpv3Qj3dhTPRyJypKRiqCdHZiAzKg9hl15HA8=
github.com/gobuffalo/attrs v0.0.0-20190224210810-a9411de4debd/go.mod h1:4duuawTqi2wkkpB4ePgWMaai6/Kc6WEz83bhFwpHzj0=
github.com/gobuffalo/depgen v0.0.0-20190329151759-d478694a28d3/go.mod h1:3STtPUQYuzV0gBVOY3vy6CfMm/ljR4pABfrTeHNLHUY=
github.com/gobuffalo/depgen v0.1.0/go.mod h1:+ifsuy7fhi15RWncXQQKjWS9JPkdah5sZvtHc2RXGlg=
github.com/gobuffalo/envy v1.6.15/go.mod h1:n7DRkBerg/aorDM8kbduw5dN3oXGswK5liaSCx4T5NI=
github.com/gobuffalo/envy v1.7.0/go.mod h1:n7DRkBerg/aorDM8kbduw5dN3oXGswK5liaSCx4T5NI=
github.com/gobuffalo/flect v0.1.0/go.mod h1:d2ehjJqGOH/Kjqcoz+F7jHTBbmDb38yXA598Hb50EGs=
github.com/gobuffalo/flect v0.1.1/go.mod h1:8JCgGVbRjJhVgD6399mQr4fx5rRfGKVzFjbj6RE/9UI=
github.com/gobuffalo/flect v0.1.3/go.mod h1:8JCgGVbRjJhVgD6399mQr4fx5rRfGKVzFjbj6RE/9UI=
github.com/gobuffalo/genny v0.0.0-20190329151137-27723ad26ef9/go.mod h1:rWs4Z12d1Zbf19rlsn0nurr75KqhYp52EAGGxTbBhNk=
github.com/gobuffalo/genny v0.0.0-20190403191548-3ca520ef0d9e/go.mod h1:80lIj3kVJWwOrXWWMRzzdhW3DsrdjILVil/SFKBzF28=
github.com/gobuffalo/genny v0.1.0/go.mod h1:XidbUqzak3lHdS//TPu2OgiFB+51Ur5f7CSnXZ/JDvo=
github.com/gobuffalo/genny v0.1.1/go.mod h1:5TExbEyY48pfunL4QSXxlDOmdsD44RRq4mVZ0Ex28Xk=
github.com/gobuffalo/gitgen v0.0.0-20190315122116-cc086187d211/go.mod h1:vEHJk/E9DmhejeLeNt7UVvlSGv3ziL+djtTr3yyzcOw=
github.com/gobuffalo/gogen v0.0.0-20190315121717-8f38393713f5/go.mod h1:V9QVDIxsgKNZs6L2IYiGR8datgMhB577vzTDqypH360=
github.com/gobuffalo/gogen v0.1.0/go.mod h1:8NTelM5qd8RZ15VjQTFkAW6qOMx5wBbW4dSCS3BY8gg=
github.com/gobuffalo/gogen v0.1.1/go.mod h1:y8iBtmHmGc4qa3urIyo1shvOD8JftTtfcKi+71xfDNE=
github.com/gobuffalo/logger v0.0.0-20190315122211-86e12af44bc2/go.mod h1:QdxcLw541hSGtBnhUc4gaNIXRjiDppFGaDqzbrBd3v8=
github.com/gobuffalo/mapi v1.0.1/go.mod h1:4VAGh89y6rVOvm5A8fKFxYG+wIW6LO1FMTG9hnKStFc=
github.com/gobuffalo/mapi v1.0.2/go.mod h1:4VAGh89y6rVOvm5A8fKFxYG+wIW6LO1FMTG9hnKStFc=
github.com/gobuffalo/packd v0.0.0-20190315124812-a385830c7fc0/go.mod h1:M2Juc+hhDXf/PnmBANFCqx4DM3wRbgDvnVWeG2RIxq4=
github.com/gobuffalo/packd v0.1.0/go.mod h1:M2Juc+hhDXf/PnmBANFCqx4DM3wRbgDvnVWeG2RIxq4=
github.com/gobuffalo/packr/v2 v2.0.9/go.mod h1:emmyGweYTm6Kdper+iywB6YK5YzuKchGtJQZ0Odn4pQ=
github.com/gobuffalo/packr/v2 v2.2.0/go.mod h1:CaAwI0GPIAv+5wKLtv8Afwl+Cm78K/I/VCm/3ptBN+0=
github.com/gobuffalo/syncx v0.0.0-20190224160051-33c29581e754/go.mod h1:HhnNqWY95UYwwW3uSASeV7vtgYkT2t16hJgV3AEPUpw=
github.com/gogo/protobuf v1.3.2 h1:Ov1cvc58UF3b5XjBnZv7+opcTcQFZebYjWzi34vdm4Q=
github.com/gogo/protobuf v1.3.2/go.mod h1:P1XiOD3dCwIKUDQYPy72D8LYyHL2YPYrpS2s69NZV8Q=
github.com/golang/snappy v0.0.1/go.mod h1:/XxbfmMg8lxefKM7IXC3fBNl/7bRcc72aCRzEWrmP2Q=
github.com/google/gnostic-models v0.7.0 h1:qwTtogB15McXDaNqTZdzPJRHvaVJlAl+HVQnLmJEJxo=
github.com/google/gnostic-models v0.7.0/go.mod h1:whL5G0m6dmc5cPxKc5bdKdEN3UjI7OUGxBlw57miDrQ=
github.com/google/go-cmp v0.5.2/go.mod h1:v8dTdLbMG2kIc/vJvl+f65V22dbkXbowE6jgT/gNBxE=
github.com/google/go-cmp v0.7.0 h1:wk8382ETsv4JYUZwIsn6YpYiWiBsYLSJiTsyBybVuN8=
github.com/google/go-cmp v0.7.0/go.mod h1:pXiqmnSA92OHEEa9HXL2W4E7lf9JzCmGVUdgjX3N/iU=
github.com/google/gofuzz v1.0.0/go.mod h1:dBl0BpW6vV/+mYPU4Po3pmUjxk6FQPldtuIdl/M65Eg=
github.com/google/pprof v0.0.0-20241029153458-d1b30febd7db h1:097atOisP2aRj7vFgYQBbFN4U4JNXUNYpxael3UzMyo=
github.com/google/pprof v0.0.0-20241029153458-d1b30febd7db/go.mod h1:vavhavw2zAxS5dIdcRluK6cSGGPlZynqzFM8NdvU144=
github.com/google/uuid v1.1.1/go.mod h1:TIyPZe4MgqvfeYDBFedMoGGpEw/LqOeaOT+nhxU+yHo=
github.com/google/uuid v1.6.0 h1:NIvaJDMOsjHA8n1jAhLSgzrAzy1Hgr+hNrb57e+94F0=
github.com/google/uuid v1.6.0/go.mod h1:TIyPZe4MgqvfeYDBFedMoGGpEw/LqOeaOT+nhxU+yHo=
github.com/hashicorp/errwrap v1.0.0 h1:hLrqtEDnRye3+sgx6z4qVLNuviH3MR5aQ0ykNJa/UYA=
github.com/hashicorp/errwrap v1.0.0/go.mod h1:YH+1FKiLXxHSkmPseP+kNlulaMuP3n2brvKWEqk/Jc4=
github.com/hashicorp/go-multierror v1.1.1 h1:H5DkEtf6CXdFp0N0Em5UCwQpXMWke8IA0+lD48awMYo=
github.com/hashicorp/go-multierror v1.1.1/go.mod h1:iw975J/qwKPdAO1clOe2L8331t/9/fmwbPZ6JB6eMoM=
github.com/inconshreveable/mousetrap v1.0.0/go.mod h1:PxqpIevigyE2G7u3NXJIT2ANytuPF1OarO4DADm73n8=
github.com/jbenet/go-base58 v0.0.0-20150317085156-6237cf65f3a6 h1:4zOlv2my+vf98jT1nQt4bT/yKWUImevYPJ2H344CloE=
github.com/jbenet/go-base58 v0.0.0-20150317085156-6237cf65f3a6/go.mod h1:r/8JmuR0qjuCiEhAolkfvdZgmPiHTnJaG0UXCSeR1Zo=
github.com/jdkato/prose v1.2.1 h1:Fp3UnJmLVISmlc57BgKUzdjr0lOtjqTZicL3PaYy6cU=
github.com/jdkato/prose v1.2.1/go.mod h1:AiRHgVagnEx2JbQRQowVBKjG0bcs/vtkGCH1dYAL1rA=
github.com/jedib0t/go-pretty v4.3.0+incompatible/go.mod h1:XemHduiw8R651AF9Pt4FwCTKeG3oo7hrHJAoznj9nag=
github.com/jmespath/go-jmespath v0.4.0/go.mod h1:T8mJZnbsbmF+m6zOOFylbeCJqk5+pHWvzYPziyZiYoo=
github.com/jmespath/go-jmespath/internal/testify v1.5.1/go.mod h1:L3OGu8Wl2/fWfCI6z80xFu9LTZmf1ZRjMHUOPmWr69U=
github.com/joho/godotenv v1.3.0/go.mod h1:7hK45KPybAkOC6peb+G5yklZfMxEjkZhHbwpqxOKXbg=
github.com/josharian/intern v1.0.0 h1:vlS4z54oSdjm0bgjRigI+G1HpF+tI+9rE5LLzOg8HmY=
github.com/josharian/intern v1.0.0/go.mod h1:5DoeVV0s6jJacbCEi61lwdGj/aVlrQvzHFFd8Hwg//Y=
github.com/json-iterator/go v1.1.12 h1:PV8peI4a0ysnczrg+LtxykD8LfKY9ML6u2jnxaEnrnM=
github.com/json-iterator/go v1.1.12/go.mod h1:e30LSqwooZae/UwlEbR2852Gd8hjQvJoHmT4TnhNGBo=
github.com/jsummers/gobmp v0.0.0-20230614200233-a9de23ed2e25 h1:YLvr1eE6cdCqjOe972w/cYF+FjW34v27+9Vo5106B4M=
github.com/jsummers/gobmp v0.0.0-20230614200233-a9de23ed2e25/go.mod h1:kLgvv7o6UM+0QSf0QjAse3wReFDsb9qbZJdfexWlrQw=
github.com/karrick/godirwalk v1.8.0/go.mod h1:H5KPZjojv4lE+QYImBI8xVtrBRgYrIVsaRPx4tDPEn4=
github.com/karrick/godirwalk v1.10.3/go.mod h1:RoGL9dQei4vP9ilrpETWE8CLOZ1kiN0LhBygSwrAsHA=
github.com/kisielk/errcheck v1.5.0/go.mod h1:pFxgyoBC7bSaBwPgfKdkLd5X25qrDl4LWUI2bnpBCr8=
github.com/kisielk/gotool v1.0.0/go.mod h1:XhKaO+MFFWcvkIS/tQcRk01m1F5IRFswLeQ+oQHNcck=
github.com/klauspost/compress v1.9.5/go.mod h1:RyIbtBH6LamlWaDj8nUwkbUhJ87Yi3uG0guNDohfE1A=
github.com/konsorten/go-windows-terminal-sequences v1.0.1/go.mod h1:T0+1ngSBFLxvqU3pZ+m/2kptfBszLMUkC4ZK/EgS/cQ=
github.com/konsorten/go-windows-terminal-sequences v1.0.2/go.mod h1:T0+1ngSBFLxvqU3pZ+m/2kptfBszLMUkC4ZK/EgS/cQ=
github.com/kr/pretty v0.1.0/go.mod h1:dAy3ld7l9f0ibDNOQOHHMYYIIbhfbHSm3C4ZsoJORNo=
github.com/kr/pretty v0.3.1 h1:flRD4NNwYAUpkphVc1HcthR4KEIFJ65n8Mw5qdRn3LE=
github.com/kr/pretty v0.3.1/go.mod h1:hoEshYVHaxMs3cyo3Yncou5ZscifuDolrwPKZanG3xk=
github.com/kr/pty v1.1.1/go.mod h1:pFQYn66WHrOpPYNljwOMqo10TkYh1fy3cYio2l3bCsQ=
github.com/kr/text v0.1.0/go.mod h1:4Jbv+DJW3UT/LiOwJeYQe1efqtUx/iVham/4vfdArNI=
github.com/kr/text v0.2.0 h1:5Nx0Ya0ZqY2ygV366QzturHI13Jq95ApcVaJBhpS+AY=
github.com/kr/text v0.2.0/go.mod h1:eLer722TekiGuMkidMxC/pM04lWEeraHUUmBw8l2grE=
github.com/mailru/easyjson v0.9.0 h1:PrnmzHw7262yW8sTBwxi1PdJA3Iw/EKBa8psRf7d9a4=
github.com/mailru/easyjson v0.9.0/go.mod h1:1+xMtQp2MRNVL/V1bOzuP3aP8VNwRW55fQUto+XFtTU=
github.com/markbates/oncer v0.0.0-20181203154359-bf2de49a0be2/go.mod h1:Ld9puTsIW75CHf65OeIOkyKbteujpZVXDpWK6YGZbxE=
github.com/markbates/safe v1.0.1/go.mod h1:nAqgmRi7cY2nqMc92/bSEeQA+R4OheNU2T1kNSCBdG0=
github.com/mattn/go-runewidth v0.0.9/go.mod h1:H031xJmbD/WCDINGzjvQ9THkh0rPKHF+m2gUSrubnMI=
github.com/mitchellh/mapstructure v1.1.2/go.mod h1:FVVH3fgwuzCH5S8UJGiWEs2h04kUh9fWfEaFds41c1Y=
github.com/modern-go/concurrent v0.0.0-20180228061459-e0a39a4cb421/go.mod h1:6dJC0mAP4ikYIbvyc7fijjWJddQyLn8Ig3JB5CqoB9Q=
github.com/modern-go/concurrent v0.0.0-20180306012644-bacd9c7ef1dd h1:TRLaZ9cD/w8PVh93nsPXa1VrQ6jlwL5oN8l14QlcNfg=
github.com/modern-go/concurrent v0.0.0-20180306012644-bacd9c7ef1dd/go.mod h1:6dJC0mAP4ikYIbvyc7fijjWJddQyLn8Ig3JB5CqoB9Q=
github.com/modern-go/reflect2 v1.0.2/go.mod h1:yWuevngMOJpCy52FWWMvUC8ws7m/LJsjYzDa0/r8luk=
github.com/modern-go/reflect2 v1.0.3-0.20250322232337-35a7c28c31ee h1:W5t00kpgFdJifH4BDsTlE89Zl93FEloxaWZfGcifgq8=
github.com/modern-go/reflect2 v1.0.3-0.20250322232337-35a7c28c31ee/go.mod h1:yWuevngMOJpCy52FWWMvUC8ws7m/LJsjYzDa0/r8luk=
github.com/montanaflynn/stats v0.0.0-20171201202039-1bf9dbcd8cbe/go.mod h1:wL8QJuTMNUDYhXwkmfOly8iTdp5TEcJFWZD2D7SIkUc=
github.com/montanaflynn/stats v0.6.3/go.mod h1:wL8QJuTMNUDYhXwkmfOly8iTdp5TEcJFWZD2D7SIkUc=
github.com/munnerz/goautoneg v0.0.0-20191010083416-a7dc8b61c822 h1:C3w9PqII01/Oq1c1nUAm88MOHcQC9l5mIlSMApZMrHA=
github.com/munnerz/goautoneg v0.0.0-20191010083416-a7dc8b61c822/go.mod h1:+n7T8mK8HuQTcFwEeznm/DIxMOiR9yIdICNftLE1DvQ=
github.com/neurosnap/sentences v1.0.6 h1:iBVUivNtlwGkYsJblWV8GGVFmXzZzak907Ci8aA0VTE=
github.com/neurosnap/sentences v1.0.6/go.mod h1:pg1IapvYpWCJJm/Etxeh0+gtMf1rI1STY9S7eUCPbDc=
github.com/onsi/ginkgo/v2 v2.21.0 h1:7rg/4f3rB88pb5obDgNZrNHrQ4e6WpjonchcpuBRnZM=
github.com/onsi/ginkgo/v2 v2.21.0/go.mod h1:7Du3c42kxCUegi0IImZ1wUQzMBVecgIHjR1C+NkhLQo=
github.com/onsi/gomega v1.35.1 h1:Cwbd75ZBPxFSuZ6T+rN/WCb/gOc6YgFBXLlZLhC7Ds4=
github.com/onsi/gomega v1.35.1/go.mod h1:PvZbdDc8J6XJEpDK4HCuRBm8a6Fzp9/DmhC9C7yFlog=
github.com/otiai10/copy v1.14.1 h1:5/7E6qsUMBaH5AnQ0sSLzzTg1oTECmcCmT6lvF45Na8=
github.com/otiai10/copy v1.14.1/go.mod h1:oQwrEDDOci3IM8dJF0d8+jnbfPDllW6vUjNc3DoZm9I=
github.com/otiai10/mint v1.6.3 h1:87qsV/aw1F5as1eH1zS/yqHY85ANKVMgkDrf9rcxbQs=
github.com/otiai10/mint v1.6.3/go.mod h1:MJm72SBthJjz8qhefc4z1PYEieWmy8Bku7CjcAqyUSM=
github.com/pelletier/go-toml v1.7.0/go.mod h1:vwGMzjaWMwyfHwgIBhI2YUM4fB6nL6lVAvS1LBMMhTE=
github.com/pkg/errors v0.8.0/go.mod h1:bwawxfHBFNV+L2hUp1rHADufV3IMtnDRdf1r5NINEl0=
github.com/pkg/errors v0.8.1/go.mod h1:bwawxfHBFNV+L2hUp1rHADufV3IMtnDRdf1r5NINEl0=
github.com/pkg/errors v0.9.1/go.mod h1:bwawxfHBFNV+L2hUp1rHADufV3IMtnDRdf1r5NINEl0=
github.com/pmezard/go-difflib v1.0.0/go.mod h1:iKH77koFhYxTK1pcRnkKkqfTogsbg7gZNVY4sRDYZ/4=
github.com/pmezard/go-difflib v1.0.1-0.20181226105442-5d4384ee4fb2 h1:Jamvg5psRIccs7FGNTlIRMkT8wgtp5eCXdBlqhYGL6U=
github.com/pmezard/go-difflib v1.0.1-0.20181226105442-5d4384ee4fb2/go.mod h1:iKH77koFhYxTK1pcRnkKkqfTogsbg7gZNVY4sRDYZ/4=
github.com/rogpeppe/go-internal v1.1.0/go.mod h1:M8bDsm7K2OlrFYOpmOWEs/qY81heoFRclV5y23lUDJ4=
github.com/rogpeppe/go-internal v1.2.2/go.mod h1:M8bDsm7K2OlrFYOpmOWEs/qY81heoFRclV5y23lUDJ4=
github.com/rogpeppe/go-internal v1.3.0/go.mod h1:M8bDsm7K2OlrFYOpmOWEs/qY81heoFRclV5y23lUDJ4=
github.com/rogpeppe/go-internal v1.13.1 h1:KvO1DLK/DRN07sQ1LQKScxyZJuNnedQ5/wKSR38lUII=
github.com/rogpeppe/go-internal v1.13.1/go.mod h1:uMEvuHeurkdAXX61udpOXGD/AzZDWNMNyH2VO9fmH0o=
github.com/shogo82148/go-shuffle v0.0.0-20180218125048-27e6095f230d/go.mod h1:2htx6lmL0NGLHlO8ZCf+lQBGBHIbEujyywxJArf+2Yc=
github.com/sirupsen/logrus v1.4.0/go.mod h1:LxeOpSwHxABJmUn/MG1IvRgCAasNZTLOkJPxbbu5VWo=
github.com/sirupsen/logrus v1.4.1/go.mod h1:ni0Sbl8bgC9z8RoU9G6nDWqqs/fq4eDPysMBDgk/93Q=
github.com/sirupsen/logrus v1.4.2/go.mod h1:tLMulIdttU9McNUspp0xgXVQah82FyeX6MwdIuYE2rE=
github.com/sirupsen/logrus v1.9.3 h1:dueUQJ1C2q9oE3F7wvmSGAaVtTmUizReu6fjN8uqzbQ=
github.com/sirupsen/logrus v1.9.3/go.mod h1:naHLuLoDiP4jHNo9R0sCBMtWGeIprob74mVsIT4qYEQ=
github.com/spf13/cobra v0.0.3/go.mod h1:1l0Ry5zgKvJasoi3XT1TypsSe7PqH0Sj9dhYf7v3XqQ=
github.com/spf13/pflag v1.0.3/go.mod h1:DYY7MBk1bdzusC3SYhjObp+wFpr4gzcvqqNjLnInEg4=
github.com/spf13/pflag v1.0.7 h1:vN6T9TfwStFPFM5XzjsvmzZkLuaLX+HS+0SeFLRgU6M=
github.com/spf13/pflag v1.0.7/go.mod h1:McXfInJRrz4CZXVZOBLb0bTZqETkiAhM9Iw0y3An2Bg=
github.com/srwiley/oksvg v0.0.0-20221011165216-be6e8873101c h1:km8GpoQut05eY3GiYWEedbTT0qnSxrCjsVbb7yKY1KE=
github.com/srwiley/oksvg v0.0.0-20221011165216-be6e8873101c/go.mod h1:cNQ3dwVJtS5Hmnjxy6AgTPd0Inb3pW05ftPSX7NZO7Q=
github.com/srwiley/rasterx v0.0.0-20220730225603-2ab79fcdd4ef h1:Ch6Q+AZUxDBCVqdkI8FSpFyZDtCVBc2VmejdNrm5rRQ=
github.com/srwiley/rasterx v0.0.0-20220730225603-2ab79fcdd4ef/go.mod h1:nXTWP6+gD5+LUJ8krVhhoeHjvHTutPxMYl5SvkcnJNE=
github.com/stretchr/objx v0.1.0/go.mod h1:HFkY916IF+rwdDfMAkV7OtwuqBVzrE8GR6GFx+wExME=
github.com/stretchr/objx v0.1.1/go.mod h1:HFkY916IF+rwdDfMAkV7OtwuqBVzrE8GR6GFx+wExME=
github.com/stretchr/objx v0.2.0/go.mod h1:qt09Ya8vawLte6SNmTgCsAVtYtaKzEcn8ATUoHMkEqE=
github.com/stretchr/objx v0.5.2 h1:xuMeJ0Sdp5ZMRXx/aWO6RZxdr3beISkG5/G/aIRr3pY=
github.com/stretchr/objx v0.5.2/go.mod h1:FRsXN1f5AsAjCGJKqEizvkpNtU+EGNCLh3NxZ/8L+MA=
github.com/stretchr/testify v1.2.2/go.mod h1:a8OnRcib4nhh0OaRAV+Yts87kKdq0PP7pXfy6kDkUVs=
github.com/stretchr/testify v1.3.0/go.mod h1:M5WIy9Dh21IEIfnGCwXGc5bZfKNJtfHm1UVUgZn+9EI=
github.com/stretchr/testify v1.6.1/go.mod h1:6Fq8oRcR53rry900zMqJjRRixrwX3KX962/h/Wwjteg=
github.com/stretchr/testify v1.7.0/go.mod h1:6Fq8oRcR53rry900zMqJjRRixrwX3KX962/h/Wwjteg=
github.com/stretchr/testify v1.11.0 h1:ib4sjIrwZKxE5u/Japgo/7SJV3PvgjGiRNAvTVGqQl8=
github.com/stretchr/testify v1.11.0/go.mod h1:wZwfW3scLgRK+23gO65QZefKpKQRnfz6sD981Nm4B6U=
github.com/tidwall/pretty v1.0.0/go.mod h1:XNkn88O1ChpSDQmQeStsy+sBenx6DDtFZJxhVysOjyk=
github.com/x448/float16 v0.8.4 h1:qLwI1I70+NjRFUR3zs1JPUCgaCXSh3SW62uAKT1mSBM=
github.com/x448/float16 v0.8.4/go.mod h1:14CWIYCyZA/cWjXOioeEpHeN/83MdbZDRQHoFcYsOfg=
github.com/xdg/scram v0.0.0-20180814205039-7eeb5667e42c/go.mod h1:lB8K/P019DLNhemzwFU4jHLhdvlE6uDZjXFejJXr49I=
github.com/xdg/stringprep v0.0.0-20180714160509-73f8eece6fdc/go.mod h1:Jhud4/sHMO4oL310DaZAKk9ZaJ08SJfe+sJh0HrGL1Y=
github.com/yuin/goldmark v1.1.27/go.mod h1:3hX8gzYuyVAZsxl0MRgGTJEmQBFcNTphYh9decYSb74=
github.com/yuin/goldmark v1.2.1/go.mod h1:3hX8gzYuyVAZsxl0MRgGTJEmQBFcNTphYh9decYSb74=
go.deanishe.net/favicon v0.1.0 h1:Afy941gjRik+DjUUcYHUxcztFEeFse2ITBkMMOlgefM=
go.deanishe.net/favicon v0.1.0/go.mod h1:vIKVI+lUh8k3UAzaN4gjC+cpyatLQWmx0hVX4vLE8jU=
go.mongodb.org/mongo-driver v1.4.2/go.mod h1:WcMNYLx/IlOxLe6JRJiv2uXuCz6zBLndR4SoGjYphSc=
go.uber.org/goleak v1.3.0 h1:2K3zAYmnTNqV73imy9J1T3WC+gmCePx2hEGkimedGto=
go.uber.org/goleak v1.3.0/go.mod h1:CoHD4mav9JJNrW/WLlf7HGZPjdw8EucARQHekz1X6bE=
go.yaml.in/yaml/v2 v2.4.2 h1:DzmwEr2rDGHl7lsFgAHxmNz/1NlQ7xLIrlN2h5d1eGI=
go.yaml.in/yaml/v2 v2.4.2/go.mod h1:081UH+NErpNdqlCXm3TtEran0rJZGxAYx9hb/ELlsPU=
go.yaml.in/yaml/v3 v3.0.4 h1:tfq32ie2Jv2UxXFdLJdh3jXuOzWiL1fo0bu/FbuKpbc=
go.yaml.in/yaml/v3 v3.0.4/go.mod h1:DhzuOOF2ATzADvBadXxruRBLzYTpT36CKvDb3+aBEFg=
golang.org/x/crypto v0.0.0-20180904163835-0709b304e793/go.mod h1:6SG95UA2DQfeDnfUPMdvaQW0Q7yPrPDi9nlGo2tz2b4=
golang.org/x/crypto v0.0.0-20190308221718-c2843e01d9a2/go.mod h1:djNgcEr1/C05ACkg1iLfiJU5Ep61QUkGW8qpdssI0+w=
golang.org/x/crypto v0.0.0-20190422162423-af44ce270edf/go.mod h1:WFFai1msRO1wXaEeE5yQxYXgSfI8pQAWXbQop6sCtWE=
golang.org/x/crypto v0.0.0-20190530122614-20be4c3c3ed5/go.mod h1:yigFU9vqHzYiE8UmvKecakEJjdnWj3jj499lnFckfCI=
golang.org/x/crypto v0.0.0-20191011191535-87dc89f01550/go.mod h1:yigFU9vqHzYiE8UmvKecakEJjdnWj3jj499lnFckfCI=
golang.org/x/crypto v0.0.0-20200622213623-75b288015ac9/go.mod h1:LzIPMQfyMNhhGPhUkYOs5KpL4U8rLKemX1yGLhDgUto=
golang.org/x/image v0.0.0-20191009234506-e7c1f5e7dbb8/go.mod h1:FeLwcggjj3mMvU+oOTbSwawSJRM1uh48EjtB4UJZlP0=
golang.org/x/image v0.0.0-20211028202545-6944b10bf410 h1:hTftEOvwiOq2+O8k2D5/Q7COC7k5Qcrgc2TFURJYnvQ=
golang.org/x/image v0.0.0-20211028202545-6944b10bf410/go.mod h1:023OzeP/+EPmXeapQh35lcL3II3LrY8Ic+EFFKVhULM=
golang.org/x/mod v0.2.0/go.mod h1:s0Qsj1ACt9ePp/hMypM3fl4fZqREWJwdYDEqhRiZZUA=
golang.org/x/mod v0.3.0/go.mod h1:s0Qsj1ACt9ePp/hMypM3fl4fZqREWJwdYDEqhRiZZUA=
golang.org/x/net v0.0.0-20180218175443-cbe0f9307d01/go.mod h1:mL1N/T3taQHkDXs73rZJwtUhF3w3ftmwwsq0BUmARs4=
golang.org/x/net v0.0.0-20190311183353-d8887717615a/go.mod h1:t9HGtf8HONx5eT2rtn7q6eTqICYqUVnKs3thJo3Qplg=
golang.org/x/net v0.0.0-20190404232315-eb5bcb51f2a3/go.mod h1:t9HGtf8HONx5eT2rtn7q6eTqICYqUVnKs3thJo3Qplg=
golang.org/x/net v0.0.0-20190620200207-3b0461eec859/go.mod h1:z5CRVTTTmAJ677TzLLGU+0bjPO0LkuOLi4/5GtJWs/s=
golang.org/x/net v0.0.0-20200202094626-16171245cfb2/go.mod h1:z5CRVTTTmAJ677TzLLGU+0bjPO0LkuOLi4/5GtJWs/s=
golang.org/x/net v0.0.0-20200226121028-0de0cce0169b/go.mod h1:z5CRVTTTmAJ677TzLLGU+0bjPO0LkuOLi4/5GtJWs/s=
golang.org/x/net v0.0.0-20201021035429-f5854403a974/go.mod h1:sp8m0HH+o8qH0wwXwYZr8TS3Oi6o0r6Gce1SSxlDquU=
golang.org/x/net v0.43.0 h1:lat02VYK2j4aLzMzecihNvTlJNQUq316m2Mr9rnM6YE=
golang.org/x/net v0.43.0/go.mod h1:vhO1fvI4dGsIjh73sWfUVjj3N7CA9WkKJNQm2svM6Jg=
golang.org/x/oauth2 v0.30.0 h1:dnDm7JmhM45NNpd8FDDeLhK6FwqbOf4MLCM9zb1BOHI=
golang.org/x/oauth2 v0.30.0/go.mod h1:B++QgG3ZKulg6sRPGD/mqlHQs5rB3Ml9erfeDY7xKlU=
golang.org/x/sync v0.0.0-20190227155943-e225da77a7e6/go.mod h1:RxMgew5VJxzue5/jJTE5uejpjVlOe/izrB70Jof72aM=
golang.org/x/sync v0.0.0-20190412183630-56d357773e84/go.mod h1:RxMgew5VJxzue5/jJTE5uejpjVlOe/izrB70Jof72aM=
golang.org/x/sync v0.0.0-20190423024810-112230192c58/go.mod h1:RxMgew5VJxzue5/jJTE5uejpjVlOe/izrB70Jof72aM=
golang.org/x/sync v0.0.0-20190911185100-cd5d95a43a6e/go.mod h1:RxMgew5VJxzue5/jJTE5uejpjVlOe/izrB70Jof72aM=
golang.org/x/sync v0.0.0-20201020160332-67f06af15bc9/go.mod h1:RxMgew5VJxzue5/jJTE5uejpjVlOe/izrB70Jof72aM=
golang.org/x/sync v0.16.0 h1:ycBJEhp9p4vXvUZNszeOq0kGTPghopOL8q0fq3vstxw=
golang.org/x/sync v0.16.0/go.mod h1:1dzgHSNfp02xaA81J2MS99Qcpr2w7fw1gpm99rleRqA=
golang.org/x/sys v0.0.0-20180905080454-ebe1bf3edb33/go.mod h1:STP8DvDyc/dI5b8T5hshtkjS+E42TnysNCUPdjciGhY=
golang.org/x/sys v0.0.0-20190215142949-d0b11bdaac8a/go.mod h1:STP8DvDyc/dI5b8T5hshtkjS+E42TnysNCUPdjciGhY=
golang.org/x/sys v0.0.0-20190403152447-81d4e9dc473e/go.mod h1:h1NjWce9XRLGQEsW7wpKNCjG9DtNlClVuFLEZdDNbEs=
golang.org/x/sys v0.0.0-20190412213103-97732733099d/go.mod h1:h1NjWce9XRLGQEsW7wpKNCjG9DtNlClVuFLEZdDNbEs=
golang.org/x/sys v0.0.0-20190419153524-e8e3143a4f4a/go.mod h1:h1NjWce9XRLGQEsW7wpKNCjG9DtNlClVuFLEZdDNbEs=
golang.org/x/sys v0.0.0-20190422165155-953cdadca894/go.mod h1:h1NjWce9XRLGQEsW7wpKNCjG9DtNlClVuFLEZdDNbEs=
golang.org/x/sys v0.0.0-20190531175056-4c3a928424d2/go.mod h1:h1NjWce9XRLGQEsW7wpKNCjG9DtNlClVuFLEZdDNbEs=
golang.org/x/sys v0.0.0-20200930185726-fdedc70b468f/go.mod h1:h1NjWce9XRLGQEsW7wpKNCjG9DtNlClVuFLEZdDNbEs=
golang.org/x/sys v0.0.0-20220715151400-c0bba94af5f8/go.mod h1:oPkhp1MJrh7nUepCBck5+mAzfO9JrbApNNgaTdGDITg=
golang.org/x/sys v0.35.0 h1:vz1N37gP5bs89s7He8XuIYXpyY0+QlsKmzipCbUtyxI=
golang.org/x/sys v0.35.0/go.mod h1:BJP2sWEmIv4KK5OTEluFJCKSidICx8ciO85XgH3Ak8k=
golang.org/x/term v0.34.0 h1:O/2T7POpk0ZZ7MAzMeWFSg6S5IpWd/RXDlM9hgM3DR4=
golang.org/x/term v0.34.0/go.mod h1:5jC53AEywhIVebHgPVeg0mj8OD3VO9OzclacVrqpaAw=
golang.org/x/text v0.3.0/go.mod h1:NqM8EUOU14njkJ3fqMW+pc6Ldnwhi/IjpwHt7yyuwOQ=
golang.org/x/text v0.3.3/go.mod h1:5Zoc/QRtKVWzQhOtBMvqHzDpF6irO9z98xDceosuGiQ=
golang.org/x/text v0.3.6/go.mod h1:5Zoc/QRtKVWzQhOtBMvqHzDpF6irO9z98xDceosuGiQ=
golang.org/x/text v0.28.0 h1:rhazDwis8INMIwQ4tpjLDzUhx6RlXqZNPEM0huQojng=
golang.org/x/text v0.28.0/go.mod h1:U8nCwOR8jO/marOQ0QbDiOngZVEBB7MAiitBuMjXiNU=
golang.org/x/time v0.12.0 h1:ScB/8o8olJvc+CQPWrK3fPZNfh7qgwCrY0zJmoEQLSE=
golang.org/x/time v0.12.0/go.mod h1:CDIdPxbZBQxdj6cxyCIdrNogrJKMJ7pr37NYpMcMDSg=
golang.org/x/tools v0.0.0-20180917221912-90fa682c2a6e/go.mod h1:n7NCudcB/nEzxVGmLbDWY5pfWTLqBcC2KZ6jyYvM4mQ=
golang.org/x/tools v0.0.0-20190329151228-23e29df326fe/go.mod h1:LCzVGOaR6xXOjkQ3onu1FJEFr0SW1gC7cKk1uF8kGRs=
golang.org/x/tools v0.0.0-20190416151739-9c9e1878f421/go.mod h1:LCzVGOaR6xXOjkQ3onu1FJEFr0SW1gC7cKk1uF8kGRs=
golang.org/x/tools v0.0.0-20190420181800-aa740d480789/go.mod h1:LCzVGOaR6xXOjkQ3onu1FJEFr0SW1gC7cKk1uF8kGRs=
golang.org/x/tools v0.0.0-20190531172133-b3315ee88b7d/go.mod h1:/rFqwRUd4F7ZHNgwSSTFct+R/Kf4OFW1sUzUTQQTgfc=
golang.org/x/tools v0.0.0-20191119224855-298f0cb1881e/go.mod h1:b+2E5dAYhXwXZwtnZ6UAqBI28+e2cm9otk0dWdXHAEo=
golang.org/x/tools v0.0.0-20200619180055-7c47624df98f/go.mod h1:EkVYQZoAsY45+roYkvgYkIh4xh/qjgUK9TdY2XT94GE=
golang.org/x/tools v0.0.0-20210106214847-113979e3529a/go.mod h1:emZCQorbCU4vsT4fOWvOPXz4eW1wZW4PmDk9uLelYpA=
golang.org/x/tools v0.36.0 h1:kWS0uv/zsvHEle1LbV5LE8QujrxB3wfQyxHfhOk0Qkg=
golang.org/x/tools v0.36.0/go.mod h1:WBDiHKJK8YgLHlcQPYQzNCkUxUypCaa5ZegCVutKm+s=
golang.org/x/xerrors v0.0.0-20190717185122-a985d3407aa7/go.mod h1:I/5z698sn9Ka8TeJc9MKroUUfqBBauWjQqLJ2OPfmY0=
golang.org/x/xerrors v0.0.0-20191011141410-1b5146add898/go.mod h1:I/5z698sn9Ka8TeJc9MKroUUfqBBauWjQqLJ2OPfmY0=
golang.org/x/xerrors v0.0.0-20191204190536-9bdfabe68543/go.mod h1:I/5z698sn9Ka8TeJc9MKroUUfqBBauWjQqLJ2OPfmY0=
golang.org/x/xerrors v0.0.0-20200804184101-5ec99f83aff1 h1:go1bK/D/BFZV2I8cIQd1NKEZ+0owSTG1fDTci4IqFcE=
golang.org/x/xerrors v0.0.0-20200804184101-5ec99f83aff1/go.mod h1:I/5z698sn9Ka8TeJc9MKroUUfqBBauWjQqLJ2OPfmY0=
google.golang.org/protobuf v1.36.8 h1:xHScyCOEuuwZEc6UtSOvPbAT4zRh0xcNRYekJwfqyMc=
google.golang.org/protobuf v1.36.8/go.mod h1:fuxRtAxBytpl4zzqUh6/eyUujkJdNiuEkXntxiD/uRU=
gopkg.in/check.v1 v0.0.0-20161208181325-20d25e280405/go.mod h1:Co6ibVJAznAaIkqp8huTwlJQCZ016jof/cbN4VW5Yz0=
gopkg.in/check.v1 v1.0.0-20180628173108-788fd7840127/go.mod h1:Co6ibVJAznAaIkqp8huTwlJQCZ016jof/cbN4VW5Yz0=
gopkg.in/check.v1 v1.0.0-20201130134442-10cb98267c6c h1:Hei/4ADfdWqJk1ZMxUNpqntNwaWcugrBjAiHlqqRiVk=
gopkg.in/check.v1 v1.0.0-20201130134442-10cb98267c6c/go.mod h1:JHkPIbrfpd72SG/EVd6muEfDQjcINNoR0C8j2r3qZ4Q=
gopkg.in/errgo.v2 v2.1.0/go.mod h1:hNsd1EY+bozCKY1Ytp96fpM3vjJbqLJn88ws8XvfDNI=
gopkg.in/evanphx/json-patch.v4 v4.13.0 h1:czT3CmqEaQ1aanPc5SdlgQrrEIb8w/wwCvWWnfEbYzo=
gopkg.in/evanphx/json-patch.v4 v4.13.0/go.mod h1:p8EYWUEYMpynmqDbY58zCKCFZw8pRWMG4EsWvDvM72M=
gopkg.in/inf.v0 v0.9.1 h1:73M5CoZyi3ZLMOyDlQh031Cx6N9NDJ2Vvfl76EDAgDc=
gopkg.in/inf.v0 v0.9.1/go.mod h1:cWUDdTG/fYaXco+Dcufb5Vnc6Gp2YChqWtbxRZE0mXw=
gopkg.in/neurosnap/sentences.v1 v1.0.6 h1:v7ElyP020iEZQONyLld3fHILHWOPs+ntzuQTNPkul8E=
gopkg.in/neurosnap/sentences.v1 v1.0.6/go.mod h1:YlK+SN+fLQZj+kY3r8DkGDhDr91+S3JmTb5LSxFRQo0=
gopkg.in/yaml.v2 v2.2.8/go.mod h1:hI93XBmqTisBFMUTm0b8Fm+jr3Dg1NNxqwp+5A1VGuI=
gopkg.in/yaml.v3 v3.0.0-20200313102051-9f266ea9e77c/go.mod h1:K4uyk7z7BCEPqu6E+C64Yfv1cQ7kz7rIZviUmN+EgEM=
gopkg.in/yaml.v3 v3.0.1 h1:fxVm/GzAzEWqLHuvctI91KS9hhNmmWOoWu0XTYJS7CA=
gopkg.in/yaml.v3 v3.0.1/go.mod h1:K4uyk7z7BCEPqu6E+C64Yfv1cQ7kz7rIZviUmN+EgEM=
k8s.io/api v0.34.1 h1:jC+153630BMdlFukegoEL8E/yT7aLyQkIVuwhmwDgJM=
k8s.io/api v0.34.1/go.mod h1:SB80FxFtXn5/gwzCoN6QCtPD7Vbu5w2n1S0J5gFfTYk=
k8s.io/apimachinery v0.34.1 h1:dTlxFls/eikpJxmAC7MVE8oOeP1zryV7iRyIjB0gky4=
k8s.io/apimachinery v0.34.1/go.mod h1:/GwIlEcWuTX9zKIg2mbw0LRFIsXwrfoVxn+ef0X13lw=
k8s.io/client-go v0.34.1 h1:ZUPJKgXsnKwVwmKKdPfw4tB58+7/Ik3CrjOEhsiZ7mY=
k8s.io/client-go v0.34.1/go.mod h1:kA8v0FP+tk6sZA0yKLRG67LWjqufAoSHA2xVGKw9Of8=
k8s.io/klog/v2 v2.130.1 h1:n9Xl7H1Xvksem4KFG4PYbdQCQxqc/tTUyrgXaOhHSzk=
k8s.io/klog/v2 v2.130.1/go.mod h1:3Jpz1GvMt720eyJH1ckRHK1EDfpxISzJ7I9OYgaDtPE=
k8s.io/kube-openapi v0.0.0-20250814151709-d7b6acb124c3 h1:liMHz39T5dJO1aOKHLvwaCjDbf07wVh6yaUlTpunnkE=
k8s.io/kube-openapi v0.0.0-20250814151709-d7b6acb124c3/go.mod h1:UZ2yyWbFTpuhSbFhv24aGNOdoRdJZgsIObGBUaYVsts=
k8s.io/utils v0.0.0-20250820121507-0af2bda4dd1d h1:wAhiDyZ4Tdtt7e46e9M5ZSAJ/MnPGPs+Ki1gHw4w1R0=
k8s.io/utils v0.0.0-20250820121507-0af2bda4dd1d/go.mod h1:OLgZIPagt7ERELqWJFomSt595RzquPNLL48iOWgYOg0=
sigs.k8s.io/gateway-api v1.4.1 h1:NPxFutNkKNa8UfLd2CMlEuhIPMQgDQ6DXNKG9sHbJU8=
sigs.k8s.io/gateway-api v1.4.1/go.mod h1:AR5RSqciWP98OPckEjOjh2XJhAe2Na4LHyXD2FUY7Qk=
sigs.k8s.io/json v0.0.0-20250730193827-2d320260d730 h1:IpInykpT6ceI+QxKBbEflcR5EXP7sU1kvOlxwZh5txg=
sigs.k8s.io/json v0.0.0-20250730193827-2d320260d730/go.mod h1:mdzfpAEoE6DHQEN0uh9ZbOCuHbLK5wOm7dK4ctXE9Tg=
sigs.k8s.io/randfill v1.0.0 h1:JfjMILfT8A6RbawdsK2JXGBR5AQVfd+9TbzrlneTyrU=
sigs.k8s.io/randfill v1.0.0/go.mod h1:XeLlZ/jmk4i1HRopwe7/aU3H5n1zNUcX6TM94b3QxOY=
sigs.k8s.io/structured-merge-diff/v6 v6.3.0 h1:jTijUJbW353oVOd9oTlifJqOGEkUw2jB/fXCbTiQEco=
sigs.k8s.io/structured-merge-diff/v6 v6.3.0/go.mod h1:M3W8sfWvn2HhQDIbGWj3S099YozAsymCo/wrT5ohRUE=
sigs.k8s.io/yaml v1.6.0 h1:G8fkbMSAFqgEFgh4b1wmtzDnioxFCUgTZhlbj5P9QYs=
sigs.k8s.io/yaml v1.6.0/go.mod h1:796bPqUfzR/0jLAl6XjHl3Ck7MiyVv8dbTdyT3/pMf4=
